
Microsoft Visual Studio Solution File, Format Version 12.00
# Visual Studio Version 17
VisualStudioVersion = 17.13.35825.156
MinimumVisualStudioVersion = 10.0.40219.1
Project("{FAE04EC0-301F-11D3-BF4B-00C04F79EFBC}") = "TrainingApp.Server", "TrainingApp.Server\TrainingApp.Server.csproj", "{AE3DCB17-F015-4EEC-A585-CCF0BE80EC56}"
EndProject
Project("{FAE04EC0-301F-11D3-BF4B-00C04F79EFBC}") = "TrainingApp.Shared", "TrainingApp.Shared\TrainingApp.Shared.csproj", "{196437A3-63D0-4E3F-9A2C-21BC693C2F7C}"
EndProject
Project("{FAE04EC0-301F-11D3-BF4B-00C04F79EFBC}") = "TrainingApp.Client", "TrainingApp.Client\TrainingApp.Client.csproj", "{C780CF9F-B2A4-4C6F-B66C-3843F0C3ADB5}"
EndProject
Global
	GlobalSection(SolutionConfigurationPlatforms) = preSolution
		Debug|Any CPU = Debug|Any CPU
		Release|Any CPU = Release|Any CPU
	EndGlobalSection
	GlobalSection(ProjectConfigurationPlatforms) = postSolution
		{AE3DCB17-F015-4EEC-A585-CCF0BE80EC56}.Debug|Any CPU.ActiveCfg = Debug|Any CPU
		{AE3DCB17-F015-4EEC-A585-CCF0BE80EC56}.Debug|Any CPU.Build.0 = Debug|Any CPU
		{AE3DCB17-F015-4EEC-A585-CCF0BE80EC56}.Release|Any CPU.ActiveCfg = Release|Any CPU
		{AE3DCB17-F015-4EEC-A585-CCF0BE80EC56}.Release|Any CPU.Build.0 = Release|Any CPU
		{196437A3-63D0-4E3F-9A2C-21BC693C2F7C}.Debug|Any CPU.ActiveCfg = Debug|Any CPU
		{196437A3-63D0-4E3F-9A2C-21BC693C2F7C}.Debug|Any CPU.Build.0 = Debug|Any CPU
		{196437A3-63D0-4E3F-9A2C-21BC693C2F7C}.Release|Any CPU.ActiveCfg = Release|Any CPU
		{196437A3-63D0-4E3F-9A2C-21BC693C2F7C}.Release|Any CPU.Build.0 = Release|Any CPU
		{C780CF9F-B2A4-4C6F-B66C-3843F0C3ADB5}.Debug|Any CPU.ActiveCfg = Debug|Any CPU
		{C780CF9F-B2A4-4C6F-B66C-3843F0C3ADB5}.Debug|Any CPU.Build.0 = Debug|Any CPU
		{C780CF9F-B2A4-4C6F-B66C-3843F0C3ADB5}.Release|Any CPU.ActiveCfg = Release|Any CPU
		{C780CF9F-B2A4-4C6F-B66C-3843F0C3ADB5}.Release|Any CPU.Build.0 = Release|Any CPU
	EndGlobalSection
	GlobalSection(SolutionProperties) = preSolution
		HideSolutionNode = FALSE
	EndGlobalSection
	GlobalSection(ExtensibilityGlobals) = postSolution
		SolutionGuid = {1576D1F3-5E30-43B7-9853-AE95843D8F31}
	EndGlobalSection
EndGlobal
